
Microsoft Visual Studio Solution File, Format Version 12.00
# Visual Studio 15
Project("{FAE04EC0-301F-11D3-BF4B-00C04F79EFBC}") = "Assembly-CSharp-Editor", "Assembly-CSharp-Editor.csproj", "{18BA946A-E6D7-9638-2491-9CFD94F4CD09}"
EndProject
Project("{FAE04EC0-301F-11D3-BF4B-00C04F79EFBC}") = "Assembly-CSharp", "Assembly-CSharp.csproj", "{A60EFECC-B4F8-C5BB-30BC-B7662BCF31C8}"
EndProject
Global
	GlobalSection(SolutionConfigurationPlatforms) = preSolution
		Debug|Any CPU = Debug|Any CPU
		Release|Any CPU = Release|Any CPU
	EndGlobalSection
	GlobalSection(ProjectConfigurationPlatforms) = postSolution
		{18BA946A-E6D7-9638-2491-9CFD94F4CD09}.Debug|Any CPU.ActiveCfg = Debug|Any CPU
		{18BA946A-E6D7-9638-2491-9CFD94F4CD09}.Debug|Any CPU.Build.0 = Debug|Any CPU
		{18BA946A-E6D7-9638-2491-9CFD94F4CD09}.Release|Any CPU.ActiveCfg = Release|Any CPU
		{18BA946A-E6D7-9638-2491-9CFD94F4CD09}.Release|Any CPU.Build.0 = Release|Any CPU
		{A60EFECC-B4F8-C5BB-30BC-B7662BCF31C8}.Debug|Any CPU.ActiveCfg = Debug|Any CPU
		{A60EFECC-B4F8-C5BB-30BC-B7662BCF31C8}.Debug|Any CPU.Build.0 = Debug|Any CPU
		{A60EFECC-B4F8-C5BB-30BC-B7662BCF31C8}.Release|Any CPU.ActiveCfg = Release|Any CPU
		{A60EFECC-B4F8-C5BB-30BC-B7662BCF31C8}.Release|Any CPU.Build.0 = Release|Any CPU
	EndGlobalSection
	GlobalSection(SolutionProperties) = preSolution
		HideSolutionNode = FALSE
	EndGlobalSection
EndGlobal
